{"1.2.0",
[{<<"iconv">>,{pkg,<<"iconv">>,<<"1.0.12">>},0},
 {<<"p1_utils">>,{pkg,<<"p1_utils">>,<<"1.0.21">>},1},
 {<<"recon">>,{pkg,<<"recon">>,<<"2.5.2">>},0},
 {<<"redbug">>,{pkg,<<"redbug">>,<<"2.0.7">>},0}]}.
[
{pkg_hash,[
 {<<"iconv">>, <<"B0A7EC542EE0319848A53410C72380F628A39F7B694C60CBB6E02D9EB4322A3A">>},
 {<<"p1_utils">>, <<"9D6244BBD4AF881E85AF71655E8BE5720B5B965B1BDD51A35C7871FD4142AF9A">>},
 {<<"recon">>, <<"CBA53FA8DB83AD968C9A652E09C3ED7DDCC4DA434F27C3EAA9CA47FFB2B1FF03">>},
 {<<"redbug">>, <<"40F477681E4957A1EBCE19B23A9B53CD8113DA6133014C506E3E194A6E4FFC89">>}]},
{pkg_hash_ext,[
 {<<"iconv">>, <<"44D1185EB7F80DA439C4D0664387D847844FF8D212387B45529309015B77E38F">>},
 {<<"p1_utils">>, <<"4B9B90E5863F5FED17F06427BA99B2DC37B216E4DD1308891F0903745E2FCCBD">>},
 {<<"recon">>, <<"2C7523C8DEE91DFF41F6B3D63CBA2BD49EB6D2FE5BF1EEC0DF7F87EB5E230E1C">>},
 {<<"redbug">>, <<"3624FEB7A4B78FD9AE0E66CC3158FE7422770AD6987A1EBF8DF4D3303B1C4B0C">>}]}
].
